{
  "name": "tuft-examples",
  "version": "1.0.0",
  "lockfileVersion": 1,
  "requires": true,
  "dependencies": {
    "dotenv": {
      "version": "8.2.0",
      "resolved": "https://registry.npmjs.org/dotenv/-/dotenv-8.2.0.tgz",
      "integrity": "sha512-8sJ78ElpbDJBHNeBzUbUVLsqKdccaa/BXF1uPTw3GrvQTBgrQrtObr2mUrE38vzYd8cEv+m/JBfDLioYcfXoaw=="
    },
    "tuft": {
      "version": "2.3.1",
      "resolved": "https://registry.npmjs.org/tuft/-/tuft-2.3.1.tgz",
      "integrity": "sha512-5OkORmouT/K3BZ9P7UEBQ9I6wn8Xg5i+BTMsAaLuXgfkmU1FM9XbLI5BzOHbhYvafb3ScF+YL5K7NjfOAkQvyw=="
    }
  }
}
